
Microsoft Visual Studio Solution File, Format Version 12.00
# Visual Studio Version 17
VisualStudioVersion = 17.8.34408.163
MinimumVisualStudioVersion = 10.0.40219.1
Project("{FAE04EC0-301F-11D3-BF4B-00C04F79EFBC}") = "GroupProjectFinal", "GroupProjectFinal\GroupProjectFinal.csproj", "{B051DCA2-5CA2-44D3-885F-0EA613074135}"
EndProject
Global
	GlobalSection(SolutionConfigurationPlatforms) = preSolution
		Debug|Any CPU = Debug|Any CPU
		Release|Any CPU = Release|Any CPU
	EndGlobalSection
	GlobalSection(ProjectConfigurationPlatforms) = postSolution
		{B051DCA2-5CA2-44D3-885F-0EA613074135}.Debug|Any CPU.ActiveCfg = Debug|Any CPU
		{B051DCA2-5CA2-44D3-885F-0EA613074135}.Debug|Any CPU.Build.0 = Debug|Any CPU
		{B051DCA2-5CA2-44D3-885F-0EA613074135}.Release|Any CPU.ActiveCfg = Release|Any CPU
		{B051DCA2-5CA2-44D3-885F-0EA613074135}.Release|Any CPU.Build.0 = Release|Any CPU
	EndGlobalSection
	GlobalSection(SolutionProperties) = preSolution
		HideSolutionNode = FALSE
	EndGlobalSection
	GlobalSection(ExtensibilityGlobals) = postSolution
		SolutionGuid = {0B1D9898-C56D-4F26-9FAE-6EFCC75E5047}
	EndGlobalSection
EndGlobal
